// !$*UTF8*$!
{
	archiveVersion = 1;
	classes = {
	};
	objectVersion = 50;
	objects = {

/* Begin PBXBuildFile section */
		AB804E8A24A6A8A900045748 /* AppDelegate.swift in Sources */ = {isa = PBXBuildFile; fileRef = AB804E8924A6A8A900045748 /* AppDelegate.swift */; };
		AB804E8C24A6A8A900045748 /* SceneDelegate.swift in Sources */ = {isa = PBXBuildFile; fileRef = AB804E8B24A6A8A900045748 /* SceneDelegate.swift */; };
		AB804E8E24A6A8A900045748 /* ContentView.swift in Sources */ = {isa = PBXBuildFile; fileRef = AB804E8D24A6A8A900045748 /* ContentView.swift */; };
		AB804E9024A6A8B200045748 /* Assets.xcassets in Resources */ = {isa = PBXBuildFile; fileRef = AB804E8F24A6A8B200045748 /* Assets.xcassets */; };
		AB804E9324A6A8B200045748 /* Preview Assets.xcassets in Resources */ = {isa = PBXBuildFile; fileRef = AB804E9224A6A8B200045748 /* Preview Assets.xcassets */; };
		AB804E9624A6A8B200045748 /* LaunchScreen.storyboard in Resources */ = {isa = PBXBuildFile; fileRef = AB804E9424A6A8B200045748 /* LaunchScreen.storyboard */; };
/* End PBXBuildFile section */

/* Begin PBXFileReference section */
		AB804E8624A6A8A900045748 /* path.app */ = {isa = PBXFileReference; explicitFileType = wrapper.application; includeInIndex = 0; path = path.app; sourceTree = BUILT_PRODUCTS_DIR; };
		AB804E8924A6A8A900045748 /* AppDelegate.swift */ = {isa = PBXFileReference; lastKnownFileType = sourcecode.swift; path = AppDelegate.swift; sourceTree = "<group>"; };
		AB804E8B24A6A8A900045748 /* SceneDelegate.swift */ = {isa = PBXFileReference; lastKnownFileType = sourcecode.swift; path = SceneDelegate.swift; sourceTree = "<group>"; };
		AB804E8D24A6A8A900045748 /* ContentView.swift */ = {isa = PBXFileReference; lastKnownFileType = sourcecode.swift; path = ContentView.swift; sourceTree = "<group>"; };
		AB804E8F24A6A8B200045748 /* Assets.xcassets */ = {isa = PBXFileReference; lastKnownFileType = folder.assetcatalog; path = Assets.xcassets; sourceTree = "<group>"; };
		AB804E9224A6A8B200045748 /* Preview Assets.xcassets */ = {isa = PBXFileReference; lastKnownFileType = folder.assetcatalog; path = "Preview Assets.xcassets"; sourceTree = "<group>"; };
		AB804E9524A6A8B200045748 /* Base */ = {isa = PBXFileReference; lastKnownFileType = file.storyboard; name = Base; path = Base.lproj/LaunchScreen.storyboard; sourceTree = "<group>"; };
		AB804E9724A6A8B200045748 /* Info.plist */ = {isa = PBXFileReference; lastKnownFileType = text.plist.xml; path = Info.plist; sourceTree = "<group>"; };
/* End PBXFileReference section */

/* Begin PBXFrameworksBuildPhase section */
		AB804E8324A6A8A900045748 /* Frameworks */ = {
			isa = PBXFrameworksBuildPhase;
			buildActionMask = 2147483647;
			files = (
			);
			runOnlyForDeploymentPostprocessing = 0;
		};
/* End PBXFrameworksBuildPhase section */

/* Begin PBXGroup section */
		AB804E7D24A6A8A900045748 = {
			isa = PBXGroup;
			children = (
				AB804E8824A6A8A900045748 /* path */,
				AB804E8724A6A8A900045748 /* Products */,
			);
			sourceTree = "<group>";
		};
		AB804E8724A6A8A900045748 /* Products */ = {
			isa = PBXGroup;
			children = (
				AB804E8624A6A8A900045748 /* path.app */,
			);
			name = Products;
			sourceTree = "<group>";
		};
		AB804E8824A6A8A900045748 /* path */ = {
			isa = PBXGroup;
			children = (
				AB804E8924A6A8A900045748 /* AppDelegate.swift */,
				AB804E8B24A6A8A900045748 /* SceneDelegate.swift */,
				AB804E8D24A6A8A900045748 /* ContentView.swift */,
				AB804E8F24A6A8B200045748 /* Assets.xcassets */,
				AB804E9424A6A8B200045748 /* LaunchScreen.storyboard */,
				AB804E9724A6A8B200045748 /* Info.plist */,
				AB804E9124A6A8B200045748 /* Preview Content */,
			);
			path = path;
			sourceTree = "<group>";
		};
		AB804E9124A6A8B200045748 /* Preview Content */ = {
			isa = PBXGroup;
			children = (
				AB804E9224A6A8B200045748 /* Preview Assets.xcassets */,
			);
			path = "Preview Content";
			sourceTree = "<group>";
		};
/* End PBXGroup section */

/* Begin PBXNativeTarget section */
		AB804E8524A6A8A900045748 /* path */ = {
			isa = PBXNativeTarget;
			buildConfigurationList = AB804E9A24A6A8B200045748 /* Build configuration list for PBXNativeTarget "path" */;
			buildPhases = (
				AB804E8224A6A8A900045748 /* Sources */,
				AB804E8324A6A8A900045748 /* Frameworks */,
				AB804E8424A6A8A900045748 /* Resources */,
			);
			buildRules = (
			);
			dependencies = (
			);
			name = path;
			productName = path;
			productReference = AB804E8624A6A8A900045748 /* path.app */;
			productType = "com.apple.product-type.application";
		};
/* End PBXNativeTarget section */

/* Begin PBXProject section */
		AB804E7E24A6A8A900045748 /* Project object */ = {
			isa = PBXProject;
			attributes = {
				LastSwiftUpdateCheck = 1150;
				LastUpgradeCheck = 1150;
				ORGANIZATIONNAME = "Ajith Kumar";
				TargetAttributes = {
					AB804E8524A6A8A900045748 = {
						CreatedOnToolsVersion = 11.5;
					};
				};
			};
			buildConfigurationList = AB804E8124A6A8A900045748 /* Build configuration list for PBXProject "path" */;
			compatibilityVersion = "Xcode 9.3";
			developmentRegion = en;
			hasScannedForEncodings = 0;
			knownRegions = (
				en,
				Base,
			);
			mainGroup = AB804E7D24A6A8A900045748;
			productRefGroup = AB804E8724A6A8A900045748 /* Products */;
			projectDirPath = "";
			projectRoot = "";
			targets = (
				AB804E8524A6A8A900045748 /* path */,
			);
		};
/* End PBXProject section */

/* Begin PBXResourcesBuildPhase section */
		AB804E8424A6A8A900045748 /* Resources */ = {
			isa = PBXResourcesBuildPhase;
			buildActionMask = 2147483647;
			files = (
				AB804E9624A6A8B200045748 /* LaunchScreen.storyboard in Resources */,
				AB804E9324A6A8B200045748 /* Preview Assets.xcassets in Resources */,
				AB804E9024A6A8B200045748 /* Assets.xcassets in Resources */,
			);
			runOnlyForDeploymentPostprocessing = 0;
		};
/* End PBXResourcesBuildPhase section */

/* Begin PBXSourcesBuildPhase section */
		AB804E8224A6A8A900045748 /* Sources */ = {
			isa = PBXSourcesBuildPhase;
			buildActionMask = 2147483647;
			files = (
				AB804E8A24A6A8A900045748 /* AppDelegate.swift in Sources */,
				AB804E8C24A6A8A900045748 /* SceneDelegate.swift in Sources */,
				AB804E8E24A6A8A900045748 /* ContentView.swift in Sources */,
			);
			runOnlyForDeploymentPostprocessing = 0;
		};
/* End PBXSourcesBuildPhase section */

/* Begin PBXVariantGroup section */
		AB804E9424A6A8B200045748 /* LaunchScreen.storyboard */ = {
			isa = PBXVariantGroup;
			children = (
				AB804E9524A6A8B200045748 /* Base */,
			);
			name = LaunchScreen.storyboard;
			sourceTree = "<group>";
		};
/* End PBXVariantGroup section */

/* Begin XCBuildConfiguration section */
		AB804E9824A6A8B200045748 /* Debug */ = {
			isa = XCBuildConfiguration;
			buildSettings = {
				ALWAYS_SEARCH_USER_PATHS = NO;
				CLANG_ANALYZER_NONNULL = YES;
				CLANG_ANALYZER_NUMBER_OBJECT_CONVERSION = YES_AGGRESSIVE;
				CLANG_CXX_LANGUAGE_STANDARD = "gnu++14";
				CLANG_CXX_LIBRARY = "libc++";
				CLANG_ENABLE_MODULES = YES;
				CLANG_ENABLE_OBJC_ARC = YES;
				CLANG_ENABLE_OBJC_WEAK = YES;
				CLANG_WARN_BLOCK_CAPTURE_AUTORELEASING = YES;
				CLANG_WARN_BOOL_CONVERSION = YES;
				CLANG_WARN_COMMA = YES;
				CLANG_WARN_CONSTANT_CONVERSION = YES;
				CLANG_WARN_DEPRECATED_OBJC_IMPLEMENTATIONS = YES;
				CLANG_WARN_DIRECT_OBJC_ISA_USAGE = YES_ERROR;
				CLANG_WARN_DOCUMENTATION_COMMENTS = YES;
				CLANG_WARN_EMPTY_BODY = YES;
				CLANG_WARN_ENUM_CONVERSION = YES;
				CLANG_WARN_INFINITE_RECURSION = YES;
				CLANG_WARN_INT_CONVERSION = YES;
				CLANG_WARN_NON_LITERAL_NULL_CONVERSION = YES;
				CLANG_WARN_OBJC_IMPLICIT_RETAIN_SELF = YES;
				CLANG_WARN_OBJC_LITERAL_CONVERSION = YES;
				CLANG_WARN_OBJC_ROOT_CLASS = YES_ERROR;
				CLANG_WARN_RANGE_LOOP_ANALYSIS = YES;
				CLANG_WARN_STRICT_PROTOTYPES = YES;
				CLANG_WARN_SUSPICIOUS_MOVE = YES;
				CLANG_WARN_UNGUARDED_AVAILABILITY = YES_AGGRESSIVE;
				CLANG_WARN_UNREACHABLE_CODE = YES;
				CLANG_WARN__DUPLICATE_METHOD_MATCH = YES;
				COPY_PHASE_STRIP = NO;
				DEBUG_INFORMATION_FORMAT = dwarf;
				ENABLE_STRICT_OBJC_MSGSEND = YES;
				ENABLE_TESTABILITY = YES;
				GCC_C_LANGUAGE_STANDARD = gnu11;
				GCC_DYNAMIC_NO_PIC = NO;
				GCC_NO_COMMON_BLOCKS = YES;
				GCC_OPTIMIZATION_LEVEL = 0;
				GCC_PREPROCESSOR_DEFINITIONS = (
					"DEBUG=1",
					"$(inherited)",
				);
				GCC_WARN_64_TO_32_BIT_CONVERSION = YES;
				GCC_WARN_ABOUT_RETURN_TYPE = YES_ERROR;
				GCC_WARN_UNDECLARED_SELECTOR = YES;
				GCC_WARN_UNINITIALIZED_AUTOS = YES_AGGRESSIVE;
				GCC_WARN_UNUSED_FUNCTION = YES;
				GCC_WARN_UNUSED_VARIABLE = YES;
				IPHONEOS_DEPLOYMENT_TARGET = 13.5;
				MTL_ENABLE_DEBUG_INFO = INCLUDE_SOURCE;
				MTL_FAST_MATH = YES;
				ONLY_ACTIVE_ARCH = YES;
				SDKROOT = iphoneos;
				SWIFT_ACTIVE_COMPILATION_CONDITIONS = DEBUG;
				SWIFT_OPTIMIZATION_LEVEL = "-Onone";
			};
			name = Debug;
		};
		AB804E9924A6A8B200045748 /* Release */ = {
			isa = XCBuildConfiguration;
			buildSettings = {
				ALWAYS_SEARCH_USER_PATHS = NO;
				CLANG_ANALYZER_NONNULL = YES;
				CLANG_ANALYZER_NUMBER_OBJECT_CONVERSION = YES_AGGRESSIVE;
				CLANG_CXX_LANGUAGE_STANDARD = "gnu++14";
				CLANG_CXX_LIBRARY = "libc++";
				CLANG_ENABLE_MODULES = YES;
				CLANG_ENABLE_OBJC_ARC = YES;
				CLANG_ENABLE_OBJC_WEAK = YES;
				CLANG_WARN_BLOCK_CAPTURE_AUTORELEASING = YES;
				CLANG_WARN_BOOL_CONVERSION = YES;
				CLANG_WARN_COMMA = YES;
				CLANG_WARN_CONSTANT_CONVERSION = YES;
				CLANG_WARN_DEPRECATED_OBJC_IMPLEMENTATIONS = YES;
				CLANG_WARN_DIRECT_OBJC_ISA_USAGE = YES_ERROR;
				CLANG_WARN_DOCUMENTATION_COMMENTS = YES;
				CLANG_WARN_EMPTY_BODY = YES;
				CLANG_WARN_ENUM_CONVERSION = YES;
				CLANG_WARN_INFINITE_RECURSION = YES;
				CLANG_WARN_INT_CONVERSION = YES;
				CLANG_WARN_NON_LITERAL_NULL_CONVERSION = YES;
				CLANG_WARN_OBJC_IMPLICIT_RETAIN_SELF = YES;
				CLANG_WARN_OBJC_LITERAL_CONVERSION = YES;
				CLANG_WARN_OBJC_ROOT_CLASS = YES_ERROR;
				CLANG_WARN_RANGE_LOOP_ANALYSIS = YES;
				CLANG_WARN_STRICT_PROTOTYPES = YES;
				CLANG_WARN_SUSPICIOUS_MOVE = YES;
				CLANG_WARN_UNGUARDED_AVAILABILITY = YES_AGGRESSIVE;
				CLANG_WARN_UNREACHABLE_CODE = YES;
				CLANG_WARN__DUPLICATE_METHOD_MATCH = YES;
				COPY_PHASE_STRIP = NO;
				DEBUG_INFORMATION_FORMAT = "dwarf-with-dsym";
				ENABLE_NS_ASSERTIONS = NO;
				ENABLE_STRICT_OBJC_MSGSEND = YES;
				GCC_C_LANGUAGE_STANDARD = gnu11;
				GCC_NO_COMMON_BLOCKS = YES;
				GCC_WARN_64_TO_32_BIT_CONVERSION = YES;
				GCC_WARN_ABOUT_RETURN_TYPE = YES_ERROR;
				GCC_WARN_UNDECLARED_SELECTOR = YES;
				GCC_WARN_UNINITIALIZED_AUTOS = YES_AGGRESSIVE;
				GCC_WARN_UNUSED_FUNCTION = YES;
				GCC_WARN_UNUSED_VARIABLE = YES;
				IPHONEOS_DEPLOYMENT_TARGET = 13.5;
				MTL_ENABLE_DEBUG_INFO = NO;
				MTL_FAST_MATH = YES;
				SDKROOT = iphoneos;
				SWIFT_COMPILATION_MODE = wholemodule;
				SWIFT_OPTIMIZATION_LEVEL = "-O";
				VALIDATE_PRODUCT = YES;
			};
			name = Release;
		};
		AB804E9B24A6A8B200045748 /* Debug */ = {
			isa = XCBuildConfiguration;
			buildSettings = {
				ASSETCATALOG_COMPILER_APPICON_NAME = AppIcon;
				CODE_SIGN_STYLE = Automatic;
				DEVELOPMENT_ASSET_PATHS = "\"path/Preview Content\"";
				DEVELOPMENT_TEAM = 3S7FT8T5W8;
				ENABLE_PREVIEWS = YES;
				INFOPLIST_FILE = path/Info.plist;
				LD_RUNPATH_SEARCH_PATHS = (
					"$(inherited)",
					"@executable_path/Frameworks",
				);
				PRODUCT_BUNDLE_IDENTIFIER = com.ajith.path;
				PRODUCT_NAME = "$(TARGET_NAME)";
				SWIFT_VERSION = 5.0;
				TARGETED_DEVICE_FAMILY = "1,2";
			};
			name = Debug;
		};
		AB804E9C24A6A8B200045748 /* Release */ = {
			isa = XCBuildConfiguration;
			buildSettings = {
				ASSETCATALOG_COMPILER_APPICON_NAME = AppIcon;
				CODE_SIGN_STYLE = Automatic;
				DEVELOPMENT_ASSET_PATHS = "\"path/Preview Content\"";
				DEVELOPMENT_TEAM = 3S7FT8T5W8;
				ENABLE_PREVIEWS = YES;
				INFOPLIST_FILE = path/Info.plist;
				LD_RUNPATH_SEARCH_PATHS = (
					"$(inherited)",
					"@executable_path/Frameworks",
				);
				PRODUCT_BUNDLE_IDENTIFIER = com.ajith.path;
				PRODUCT_NAME = "$(TARGET_NAME)";
				SWIFT_VERSION = 5.0;
				TARGETED_DEVICE_FAMILY = "1,2";
			};
			name = Release;
		};
/* End XCBuildConfiguration section */

/* Begin XCConfigurationList section */
		AB804E8124A6A8A900045748 /* Build configuration list for PBXProject "path" */ = {
			isa = XCConfigurationList;
			buildConfigurations = (
				AB804E9824A6A8B200045748 /* Debug */,
				AB804E9924A6A8B200045748 /* Release */,
			);
			defaultConfigurationIsVisible = 0;
			defaultConfigurationName = Release;
		};
		AB804E9A24A6A8B200045748 /* Build configuration list for PBXNativeTarget "path" */ = {
			isa = XCConfigurationList;
			buildConfigurations = (
				AB804E9B24A6A8B200045748 /* Debug */,
				AB804E9C24A6A8B200045748 /* Release */,
			);
			defaultConfigurationIsVisible = 0;
			defaultConfigurationName = Release;
		};
/* End XCConfigurationList section */
	};
	rootObject = AB804E7E24A6A8A900045748 /* Project object */;
}
